
Microsoft Visual Studio Solution File, Format Version 12.00
# Visual Studio Version 17
VisualStudioVersion = 17.0.32112.339
MinimumVisualStudioVersion = 10.0.40219.1
Project("{FAE04EC0-301F-11D3-BF4B-00C04F79EFBC}") = "Book_Info", "Book_Info\Book_Info.csproj", "{679E92CB-3271-4663-AF07-A087C2A7AF8F}"
EndProject
Global
	GlobalSection(SolutionConfigurationPlatforms) = preSolution
		Debug|Any CPU = Debug|Any CPU
		Release|Any CPU = Release|Any CPU
	EndGlobalSection
	GlobalSection(ProjectConfigurationPlatforms) = postSolution
		{679E92CB-3271-4663-AF07-A087C2A7AF8F}.Debug|Any CPU.ActiveCfg = Debug|Any CPU
		{679E92CB-3271-4663-AF07-A087C2A7AF8F}.Debug|Any CPU.Build.0 = Debug|Any CPU
		{679E92CB-3271-4663-AF07-A087C2A7AF8F}.Release|Any CPU.ActiveCfg = Release|Any CPU
		{679E92CB-3271-4663-AF07-A087C2A7AF8F}.Release|Any CPU.Build.0 = Release|Any CPU
	EndGlobalSection
	GlobalSection(SolutionProperties) = preSolution
		HideSolutionNode = FALSE
	EndGlobalSection
	GlobalSection(ExtensibilityGlobals) = postSolution
		SolutionGuid = {19DF1C75-9E33-42CD-8CB4-D83AED4BED1B}
	EndGlobalSection
EndGlobal
