
Microsoft Visual Studio Solution File, Format Version 12.00
# Visual Studio Version 17
VisualStudioVersion = 17.0.32112.339
MinimumVisualStudioVersion = 10.0.40219.1
Project("{FAE04EC0-301F-11D3-BF4B-00C04F79EFBC}") = "Employee_Info", "Employee_Info\Employee_Info.csproj", "{0E701A64-414F-4961-9A5D-277133B4D89E}"
EndProject
Global
	GlobalSection(SolutionConfigurationPlatforms) = preSolution
		Debug|Any CPU = Debug|Any CPU
		Release|Any CPU = Release|Any CPU
	EndGlobalSection
	GlobalSection(ProjectConfigurationPlatforms) = postSolution
		{0E701A64-414F-4961-9A5D-277133B4D89E}.Debug|Any CPU.ActiveCfg = Debug|Any CPU
		{0E701A64-414F-4961-9A5D-277133B4D89E}.Debug|Any CPU.Build.0 = Debug|Any CPU
		{0E701A64-414F-4961-9A5D-277133B4D89E}.Release|Any CPU.ActiveCfg = Release|Any CPU
		{0E701A64-414F-4961-9A5D-277133B4D89E}.Release|Any CPU.Build.0 = Release|Any CPU
	EndGlobalSection
	GlobalSection(SolutionProperties) = preSolution
		HideSolutionNode = FALSE
	EndGlobalSection
	GlobalSection(ExtensibilityGlobals) = postSolution
		SolutionGuid = {22752AFB-3D96-4573-A110-A5FE24A260E0}
	EndGlobalSection
EndGlobal
