
Microsoft Visual Studio Solution File, Format Version 12.00
# Visual Studio Version 17
VisualStudioVersion = 17.0.32112.339
MinimumVisualStudioVersion = 10.0.40219.1
Project("{FAE04EC0-301F-11D3-BF4B-00C04F79EFBC}") = "Product_Info", "Product_Info\Product_Info.csproj", "{F90318FA-CB19-4334-95C7-06BF0AE02FFC}"
EndProject
Global
	GlobalSection(SolutionConfigurationPlatforms) = preSolution
		Debug|Any CPU = Debug|Any CPU
		Release|Any CPU = Release|Any CPU
	EndGlobalSection
	GlobalSection(ProjectConfigurationPlatforms) = postSolution
		{F90318FA-CB19-4334-95C7-06BF0AE02FFC}.Debug|Any CPU.ActiveCfg = Debug|Any CPU
		{F90318FA-CB19-4334-95C7-06BF0AE02FFC}.Debug|Any CPU.Build.0 = Debug|Any CPU
		{F90318FA-CB19-4334-95C7-06BF0AE02FFC}.Release|Any CPU.ActiveCfg = Release|Any CPU
		{F90318FA-CB19-4334-95C7-06BF0AE02FFC}.Release|Any CPU.Build.0 = Release|Any CPU
	EndGlobalSection
	GlobalSection(SolutionProperties) = preSolution
		HideSolutionNode = FALSE
	EndGlobalSection
	GlobalSection(ExtensibilityGlobals) = postSolution
		SolutionGuid = {A1C7AA2C-8DA4-4324-AB3C-50B7A246D424}
	EndGlobalSection
EndGlobal
